// !$*UTF8*$!
{
	archiveVersion = 1;
	classes = {
	};
	objectVersion = 46;
	objects = {

/* Begin PBXBuildFile section */
		6EF504281CBE1FF000137F45 /* main.m in Sources */ = {isa = PBXBuildFile; fileRef = 6EF504271CBE1FF000137F45 /* main.m */; };
		6EF5042B1CBE1FF000137F45 /* AppDelegate.m in Sources */ = {isa = PBXBuildFile; fileRef = 6EF5042A1CBE1FF000137F45 /* AppDelegate.m */; };
		6EF5042E1CBE1FF000137F45 /* ViewController.m in Sources */ = {isa = PBXBuildFile; fileRef = 6EF5042D1CBE1FF000137F45 /* ViewController.m */; };
		6EF504311CBE1FF000137F45 /* Main.storyboard in Resources */ = {isa = PBXBuildFile; fileRef = 6EF5042F1CBE1FF000137F45 /* Main.storyboard */; };
		6EF504331CBE1FF000137F45 /* Assets.xcassets in Resources */ = {isa = PBXBuildFile; fileRef = 6EF504321CBE1FF000137F45 /* Assets.xcassets */; };
		6EF504361CBE1FF000137F45 /* LaunchScreen.storyboard in Resources */ = {isa = PBXBuildFile; fileRef = 6EF504341CBE1FF000137F45 /* LaunchScreen.storyboard */; };
		6EF504411CBE1FF000137F45 /* LearGitTests.m in Sources */ = {isa = PBXBuildFile; fileRef = 6EF504401CBE1FF000137F45 /* LearGitTests.m */; };
		6EF5044C1CBE1FF000137F45 /* LearGitUITests.m in Sources */ = {isa = PBXBuildFile; fileRef = 6EF5044B1CBE1FF000137F45 /* LearGitUITests.m */; };
/* End PBXBuildFile section */

/* Begin PBXContainerItemProxy section */
		6EF5043D1CBE1FF000137F45 /* PBXContainerItemProxy */ = {
			isa = PBXContainerItemProxy;
			containerPortal = 6EF5041B1CBE1FF000137F45 /* Project object */;
			proxyType = 1;
			remoteGlobalIDString = 6EF504221CBE1FF000137F45;
			remoteInfo = LearGit;
		};
		6EF504481CBE1FF000137F45 /* PBXContainerItemProxy */ = {
			isa = PBXContainerItemProxy;
			containerPortal = 6EF5041B1CBE1FF000137F45 /* Project object */;
			proxyType = 1;
			remoteGlobalIDString = 6EF504221CBE1FF000137F45;
			remoteInfo = LearGit;
		};
/* End PBXContainerItemProxy section */

/* Begin PBXFileReference section */
		6EF504231CBE1FF000137F45 /* LearGit.app */ = {isa = PBXFileReference; explicitFileType = wrapper.application; includeInIndex = 0; path = LearGit.app; sourceTree = BUILT_PRODUCTS_DIR; };
		6EF504271CBE1FF000137F45 /* main.m */ = {isa = PBXFileReference; lastKnownFileType = sourcecode.c.objc; path = main.m; sourceTree = "<group>"; };
		6EF504291CBE1FF000137F45 /* AppDelegate.h */ = {isa = PBXFileReference; lastKnownFileType = sourcecode.c.h; path = AppDelegate.h; sourceTree = "<group>"; };
		6EF5042A1CBE1FF000137F45 /* AppDelegate.m */ = {isa = PBXFileReference; lastKnownFileType = sourcecode.c.objc; path = AppDelegate.m; sourceTree = "<group>"; };
		6EF5042C1CBE1FF000137F45 /* ViewController.h */ = {isa = PBXFileReference; lastKnownFileType = sourcecode.c.h; path = ViewController.h; sourceTree = "<group>"; };
		6EF5042D1CBE1FF000137F45 /* ViewController.m */ = {isa = PBXFileReference; lastKnownFileType = sourcecode.c.objc; path = ViewController.m; sourceTree = "<group>"; };
		6EF504301CBE1FF000137F45 /* Base */ = {isa = PBXFileReference; lastKnownFileType = file.storyboard; name = Base; path = Base.lproj/Main.storyboard; sourceTree = "<group>"; };
		6EF504321CBE1FF000137F45 /* Assets.xcassets */ = {isa = PBXFileReference; lastKnownFileType = folder.assetcatalog; path = Assets.xcassets; sourceTree = "<group>"; };
		6EF504351CBE1FF000137F45 /* Base */ = {isa = PBXFileReference; lastKnownFileType = file.storyboard; name = Base; path = Base.lproj/LaunchScreen.storyboard; sourceTree = "<group>"; };
		6EF504371CBE1FF000137F45 /* Info.plist */ = {isa = PBXFileReference; lastKnownFileType = text.plist.xml; path = Info.plist; sourceTree = "<group>"; };
		6EF5043C1CBE1FF000137F45 /* LearGitTests.xctest */ = {isa = PBXFileReference; explicitFileType = wrapper.cfbundle; includeInIndex = 0; path = LearGitTests.xctest; sourceTree = BUILT_PRODUCTS_DIR; };
		6EF504401CBE1FF000137F45 /* LearGitTests.m */ = {isa = PBXFileReference; lastKnownFileType = sourcecode.c.objc; path = LearGitTests.m; sourceTree = "<group>"; };
		6EF504421CBE1FF000137F45 /* Info.plist */ = {isa = PBXFileReference; lastKnownFileType = text.plist.xml; path = Info.plist; sourceTree = "<group>"; };
		6EF504471CBE1FF000137F45 /* LearGitUITests.xctest */ = {isa = PBXFileReference; explicitFileType = wrapper.cfbundle; includeInIndex = 0; path = LearGitUITests.xctest; sourceTree = BUILT_PRODUCTS_DIR; };
		6EF5044B1CBE1FF000137F45 /* LearGitUITests.m */ = {isa = PBXFileReference; lastKnownFileType = sourcecode.c.objc; path = LearGitUITests.m; sourceTree = "<group>"; };
		6EF5044D1CBE1FF000137F45 /* Info.plist */ = {isa = PBXFileReference; lastKnownFileType = text.plist.xml; path = Info.plist; sourceTree = "<group>"; };
/* End PBXFileReference section */

/* Begin PBXFrameworksBuildPhase section */
		6EF504201CBE1FF000137F45 /* Frameworks */ = {
			isa = PBXFrameworksBuildPhase;
			buildActionMask = 2147483647;
			files = (
			);
			runOnlyForDeploymentPostprocessing = 0;
		};
		6EF504391CBE1FF000137F45 /* Frameworks */ = {
			isa = PBXFrameworksBuildPhase;
			buildActionMask = 2147483647;
			files = (
			);
			runOnlyForDeploymentPostprocessing = 0;
		};
		6EF504441CBE1FF000137F45 /* Frameworks */ = {
			isa = PBXFrameworksBuildPhase;
			buildActionMask = 2147483647;
			files = (
			);
			runOnlyForDeploymentPostprocessing = 0;
		};
/* End PBXFrameworksBuildPhase section */

/* Begin PBXGroup section */
		6EF5041A1CBE1FF000137F45 = {
			isa = PBXGroup;
			children = (
				6EF504251CBE1FF000137F45 /* LearGit */,
				6EF5043F1CBE1FF000137F45 /* LearGitTests */,
				6EF5044A1CBE1FF000137F45 /* LearGitUITests */,
				6EF504241CBE1FF000137F45 /* Products */,
			);
			sourceTree = "<group>";
		};
		6EF504241CBE1FF000137F45 /* Products */ = {
			isa = PBXGroup;
			children = (
				6EF504231CBE1FF000137F45 /* LearGit.app */,
				6EF5043C1CBE1FF000137F45 /* LearGitTests.xctest */,
				6EF504471CBE1FF000137F45 /* LearGitUITests.xctest */,
			);
			name = Products;
			sourceTree = "<group>";
		};
		6EF504251CBE1FF000137F45 /* LearGit */ = {
			isa = PBXGroup;
			children = (
				6EF504291CBE1FF000137F45 /* AppDelegate.h */,
				6EF5042A1CBE1FF000137F45 /* AppDelegate.m */,
				6EF5042C1CBE1FF000137F45 /* ViewController.h */,
				6EF5042D1CBE1FF000137F45 /* ViewController.m */,
				6EF5042F1CBE1FF000137F45 /* Main.storyboard */,
				6EF504321CBE1FF000137F45 /* Assets.xcassets */,
				6EF504341CBE1FF000137F45 /* LaunchScreen.storyboard */,
				6EF504371CBE1FF000137F45 /* Info.plist */,
				6EF504261CBE1FF000137F45 /* Supporting Files */,
			);
			path = LearGit;
			sourceTree = "<group>";
		};
		6EF504261CBE1FF000137F45 /* Supporting Files */ = {
			isa = PBXGroup;
			children = (
				6EF504271CBE1FF000137F45 /* main.m */,
			);
			name = "Supporting Files";
			sourceTree = "<group>";
		};
		6EF5043F1CBE1FF000137F45 /* LearGitTests */ = {
			isa = PBXGroup;
			children = (
				6EF504401CBE1FF000137F45 /* LearGitTests.m */,
				6EF504421CBE1FF000137F45 /* Info.plist */,
			);
			path = LearGitTests;
			sourceTree = "<group>";
		};
		6EF5044A1CBE1FF000137F45 /* LearGitUITests */ = {
			isa = PBXGroup;
			children = (
				6EF5044B1CBE1FF000137F45 /* LearGitUITests.m */,
				6EF5044D1CBE1FF000137F45 /* Info.plist */,
			);
			path = LearGitUITests;
			sourceTree = "<group>";
		};
/* End PBXGroup section */

/* Begin PBXNativeTarget section */
		6EF504221CBE1FF000137F45 /* LearGit */ = {
			isa = PBXNativeTarget;
			buildConfigurationList = 6EF504501CBE1FF000137F45 /* Build configuration list for PBXNativeTarget "LearGit" */;
			buildPhases = (
				6EF5041F1CBE1FF000137F45 /* Sources */,
				6EF504201CBE1FF000137F45 /* Frameworks */,
				6EF504211CBE1FF000137F45 /* Resources */,
			);
			buildRules = (
			);
			dependencies = (
			);
			name = LearGit;
			productName = LearGit;
			productReference = 6EF504231CBE1FF000137F45 /* LearGit.app */;
			productType = "com.apple.product-type.application";
		};
		6EF5043B1CBE1FF000137F45 /* LearGitTests */ = {
			isa = PBXNativeTarget;
			buildConfigurationList = 6EF504531CBE1FF000137F45 /* Build configuration list for PBXNativeTarget "LearGitTests" */;
			buildPhases = (
				6EF504381CBE1FF000137F45 /* Sources */,
				6EF504391CBE1FF000137F45 /* Frameworks */,
				6EF5043A1CBE1FF000137F45 /* Resources */,
			);
			buildRules = (
			);
			dependencies = (
				6EF5043E1CBE1FF000137F45 /* PBXTargetDependency */,
			);
			name = LearGitTests;
			productName = LearGitTests;
			productReference = 6EF5043C1CBE1FF000137F45 /* LearGitTests.xctest */;
			productType = "com.apple.product-type.bundle.unit-test";
		};
		6EF504461CBE1FF000137F45 /* LearGitUITests */ = {
			isa = PBXNativeTarget;
			buildConfigurationList = 6EF504561CBE1FF000137F45 /* Build configuration list for PBXNativeTarget "LearGitUITests" */;
			buildPhases = (
				6EF504431CBE1FF000137F45 /* Sources */,
				6EF504441CBE1FF000137F45 /* Frameworks */,
				6EF504451CBE1FF000137F45 /* Resources */,
			);
			buildRules = (
			);
			dependencies = (
				6EF504491CBE1FF000137F45 /* PBXTargetDependency */,
			);
			name = LearGitUITests;
			productName = LearGitUITests;
			productReference = 6EF504471CBE1FF000137F45 /* LearGitUITests.xctest */;
			productType = "com.apple.product-type.bundle.ui-testing";
		};
/* End PBXNativeTarget section */

/* Begin PBXProject section */
		6EF5041B1CBE1FF000137F45 /* Project object */ = {
			isa = PBXProject;
			attributes = {
				LastUpgradeCheck = 0710;
				ORGANIZATIONNAME = "恒大互联网中心";
				TargetAttributes = {
					6EF504221CBE1FF000137F45 = {
						CreatedOnToolsVersion = 7.1;
					};
					6EF5043B1CBE1FF000137F45 = {
						CreatedOnToolsVersion = 7.1;
						TestTargetID = 6EF504221CBE1FF000137F45;
					};
					6EF504461CBE1FF000137F45 = {
						CreatedOnToolsVersion = 7.1;
						TestTargetID = 6EF504221CBE1FF000137F45;
					};
				};
			};
			buildConfigurationList = 6EF5041E1CBE1FF000137F45 /* Build configuration list for PBXProject "LearGit" */;
			compatibilityVersion = "Xcode 3.2";
			developmentRegion = English;
			hasScannedForEncodings = 0;
			knownRegions = (
				en,
				Base,
			);
			mainGroup = 6EF5041A1CBE1FF000137F45;
			productRefGroup = 6EF504241CBE1FF000137F45 /* Products */;
			projectDirPath = "";
			projectRoot = "";
			targets = (
				6EF504221CBE1FF000137F45 /* LearGit */,
				6EF5043B1CBE1FF000137F45 /* LearGitTests */,
				6EF504461CBE1FF000137F45 /* LearGitUITests */,
			);
		};
/* End PBXProject section */

/* Begin PBXResourcesBuildPhase section */
		6EF504211CBE1FF000137F45 /* Resources */ = {
			isa = PBXResourcesBuildPhase;
			buildActionMask = 2147483647;
			files = (
				6EF504361CBE1FF000137F45 /* LaunchScreen.storyboard in Resources */,
				6EF504331CBE1FF000137F45 /* Assets.xcassets in Resources */,
				6EF504311CBE1FF000137F45 /* Main.storyboard in Resources */,
			);
			runOnlyForDeploymentPostprocessing = 0;
		};
		6EF5043A1CBE1FF000137F45 /* Resources */ = {
			isa = PBXResourcesBuildPhase;
			buildActionMask = 2147483647;
			files = (
			);
			runOnlyForDeploymentPostprocessing = 0;
		};
		6EF504451CBE1FF000137F45 /* Resources */ = {
			isa = PBXResourcesBuildPhase;
			buildActionMask = 2147483647;
			files = (
			);
			runOnlyForDeploymentPostprocessing = 0;
		};
/* End PBXResourcesBuildPhase section */

/* Begin PBXSourcesBuildPhase section */
		6EF5041F1CBE1FF000137F45 /* Sources */ = {
			isa = PBXSourcesBuildPhase;
			buildActionMask = 2147483647;
			files = (
				6EF5042E1CBE1FF000137F45 /* ViewController.m in Sources */,
				6EF5042B1CBE1FF000137F45 /* AppDelegate.m in Sources */,
				6EF504281CBE1FF000137F45 /* main.m in Sources */,
			);
			runOnlyForDeploymentPostprocessing = 0;
		};
		6EF504381CBE1FF000137F45 /* Sources */ = {
			isa = PBXSourcesBuildPhase;
			buildActionMask = 2147483647;
			files = (
				6EF504411CBE1FF000137F45 /* LearGitTests.m in Sources */,
			);
			runOnlyForDeploymentPostprocessing = 0;
		};
		6EF504431CBE1FF000137F45 /* Sources */ = {
			isa = PBXSourcesBuildPhase;
			buildActionMask = 2147483647;
			files = (
				6EF5044C1CBE1FF000137F45 /* LearGitUITests.m in Sources */,
			);
			runOnlyForDeploymentPostprocessing = 0;
		};
/* End PBXSourcesBuildPhase section */

/* Begin PBXTargetDependency section */
		6EF5043E1CBE1FF000137F45 /* PBXTargetDependency */ = {
			isa = PBXTargetDependency;
			target = 6EF504221CBE1FF000137F45 /* LearGit */;
			targetProxy = 6EF5043D1CBE1FF000137F45 /* PBXContainerItemProxy */;
		};
		6EF504491CBE1FF000137F45 /* PBXTargetDependency */ = {
			isa = PBXTargetDependency;
			target = 6EF504221CBE1FF000137F45 /* LearGit */;
			targetProxy = 6EF504481CBE1FF000137F45 /* PBXContainerItemProxy */;
		};
/* End PBXTargetDependency section */

/* Begin PBXVariantGroup section */
		6EF5042F1CBE1FF000137F45 /* Main.storyboard */ = {
			isa = PBXVariantGroup;
			children = (
				6EF504301CBE1FF000137F45 /* Base */,
			);
			name = Main.storyboard;
			sourceTree = "<group>";
		};
		6EF504341CBE1FF000137F45 /* LaunchScreen.storyboard */ = {
			isa = PBXVariantGroup;
			children = (
				6EF504351CBE1FF000137F45 /* Base */,
			);
			name = LaunchScreen.storyboard;
			sourceTree = "<group>";
		};
/* End PBXVariantGroup section */

/* Begin XCBuildConfiguration section */
		6EF5044E1CBE1FF000137F45 /* Debug */ = {
			isa = XCBuildConfiguration;
			buildSettings = {
				ALWAYS_SEARCH_USER_PATHS = NO;
				CLANG_CXX_LANGUAGE_STANDARD = "gnu++0x";
				CLANG_CXX_LIBRARY = "libc++";
				CLANG_ENABLE_MODULES = YES;
				CLANG_ENABLE_OBJC_ARC = YES;
				CLANG_WARN_BOOL_CONVERSION = YES;
				CLANG_WARN_CONSTANT_CONVERSION = YES;
				CLANG_WARN_DIRECT_OBJC_ISA_USAGE = YES_ERROR;
				CLANG_WARN_EMPTY_BODY = YES;
				CLANG_WARN_ENUM_CONVERSION = YES;
				CLANG_WARN_INT_CONVERSION = YES;
				CLANG_WARN_OBJC_ROOT_CLASS = YES_ERROR;
				CLANG_WARN_UNREACHABLE_CODE = YES;
				CLANG_WARN__DUPLICATE_METHOD_MATCH = YES;
				"CODE_SIGN_IDENTITY[sdk=iphoneos*]" = "iPhone Developer";
				COPY_PHASE_STRIP = NO;
				DEBUG_INFORMATION_FORMAT = dwarf;
				ENABLE_STRICT_OBJC_MSGSEND = YES;
				ENABLE_TESTABILITY = YES;
				GCC_C_LANGUAGE_STANDARD = gnu99;
				GCC_DYNAMIC_NO_PIC = NO;
				GCC_NO_COMMON_BLOCKS = YES;
				GCC_OPTIMIZATION_LEVEL = 0;
				GCC_PREPROCESSOR_DEFINITIONS = (
					"DEBUG=1",
					"$(inherited)",
				);
				GCC_WARN_64_TO_32_BIT_CONVERSION = YES;
				GCC_WARN_ABOUT_RETURN_TYPE = YES_ERROR;
				GCC_WARN_UNDECLARED_SELECTOR = YES;
				GCC_WARN_UNINITIALIZED_AUTOS = YES_AGGRESSIVE;
				GCC_WARN_UNUSED_FUNCTION = YES;
				GCC_WARN_UNUSED_VARIABLE = YES;
				IPHONEOS_DEPLOYMENT_TARGET = 9.1;
				MTL_ENABLE_DEBUG_INFO = YES;
				ONLY_ACTIVE_ARCH = YES;
				SDKROOT = iphoneos;
			};
			name = Debug;
		};
		6EF5044F1CBE1FF000137F45 /* Release */ = {
			isa = XCBuildConfiguration;
			buildSettings = {
				ALWAYS_SEARCH_USER_PATHS = NO;
				CLANG_CXX_LANGUAGE_STANDARD = "gnu++0x";
				CLANG_CXX_LIBRARY = "libc++";
				CLANG_ENABLE_MODULES = YES;
				CLANG_ENABLE_OBJC_ARC = YES;
				CLANG_WARN_BOOL_CONVERSION = YES;
				CLANG_WARN_CONSTANT_CONVERSION = YES;
				CLANG_WARN_DIRECT_OBJC_ISA_USAGE = YES_ERROR;
				CLANG_WARN_EMPTY_BODY = YES;
				CLANG_WARN_ENUM_CONVERSION = YES;
				CLANG_WARN_INT_CONVERSION = YES;
				CLANG_WARN_OBJC_ROOT_CLASS = YES_ERROR;
				CLANG_WARN_UNREACHABLE_CODE = YES;
				CLANG_WARN__DUPLICATE_METHOD_MATCH = YES;
				"CODE_SIGN_IDENTITY[sdk=iphoneos*]" = "iPhone Developer";
				COPY_PHASE_STRIP = NO;
				DEBUG_INFORMATION_FORMAT = "dwarf-with-dsym";
				ENABLE_NS_ASSERTIONS = NO;
				ENABLE_STRICT_OBJC_MSGSEND = YES;
				GCC_C_LANGUAGE_STANDARD = gnu99;
				GCC_NO_COMMON_BLOCKS = YES;
				GCC_WARN_64_TO_32_BIT_CONVERSION = YES;
				GCC_WARN_ABOUT_RETURN_TYPE = YES_ERROR;
				GCC_WARN_UNDECLARED_SELECTOR = YES;
				GCC_WARN_UNINITIALIZED_AUTOS = YES_AGGRESSIVE;
				GCC_WARN_UNUSED_FUNCTION = YES;
				GCC_WARN_UNUSED_VARIABLE = YES;
				IPHONEOS_DEPLOYMENT_TARGET = 9.1;
				MTL_ENABLE_DEBUG_INFO = NO;
				SDKROOT = iphoneos;
				VALIDATE_PRODUCT = YES;
			};
			name = Release;
		};
		6EF504511CBE1FF000137F45 /* Debug */ = {
			isa = XCBuildConfiguration;
			buildSettings = {
				ASSETCATALOG_COMPILER_APPICON_NAME = AppIcon;
				INFOPLIST_FILE = LearGit/Info.plist;
				LD_RUNPATH_SEARCH_PATHS = "$(inherited) @executable_path/Frameworks";
				PRODUCT_BUNDLE_IDENTIFIER = com.evergrande.LearGit;
				PRODUCT_NAME = "$(TARGET_NAME)";
			};
			name = Debug;
		};
		6EF504521CBE1FF000137F45 /* Release */ = {
			isa = XCBuildConfiguration;
			buildSettings = {
				ASSETCATALOG_COMPILER_APPICON_NAME = AppIcon;
				INFOPLIST_FILE = LearGit/Info.plist;
				LD_RUNPATH_SEARCH_PATHS = "$(inherited) @executable_path/Frameworks";
				PRODUCT_BUNDLE_IDENTIFIER = com.evergrande.LearGit;
				PRODUCT_NAME = "$(TARGET_NAME)";
			};
			name = Release;
		};
		6EF504541CBE1FF000137F45 /* Debug */ = {
			isa = XCBuildConfiguration;
			buildSettings = {
				BUNDLE_LOADER = "$(TEST_HOST)";
				INFOPLIST_FILE = LearGitTests/Info.plist;
				LD_RUNPATH_SEARCH_PATHS = "$(inherited) @executable_path/Frameworks @loader_path/Frameworks";
				PRODUCT_BUNDLE_IDENTIFIER = com.evergrande.LearGitTests;
				PRODUCT_NAME = "$(TARGET_NAME)";
				TEST_HOST = "$(BUILT_PRODUCTS_DIR)/LearGit.app/LearGit";
			};
			name = Debug;
		};
		6EF504551CBE1FF000137F45 /* Release */ = {
			isa = XCBuildConfiguration;
			buildSettings = {
				BUNDLE_LOADER = "$(TEST_HOST)";
				INFOPLIST_FILE = LearGitTests/Info.plist;
				LD_RUNPATH_SEARCH_PATHS = "$(inherited) @executable_path/Frameworks @loader_path/Frameworks";
				PRODUCT_BUNDLE_IDENTIFIER = com.evergrande.LearGitTests;
				PRODUCT_NAME = "$(TARGET_NAME)";
				TEST_HOST = "$(BUILT_PRODUCTS_DIR)/LearGit.app/LearGit";
			};
			name = Release;
		};
		6EF504571CBE1FF000137F45 /* Debug */ = {
			isa = XCBuildConfiguration;
			buildSettings = {
				INFOPLIST_FILE = LearGitUITests/Info.plist;
				LD_RUNPATH_SEARCH_PATHS = "$(inherited) @executable_path/Frameworks @loader_path/Frameworks";
				PRODUCT_BUNDLE_IDENTIFIER = com.evergrande.LearGitUITests;
				PRODUCT_NAME = "$(TARGET_NAME)";
				TEST_TARGET_NAME = LearGit;
				USES_XCTRUNNER = YES;
			};
			name = Debug;
		};
		6EF504581CBE1FF000137F45 /* Release */ = {
			isa = XCBuildConfiguration;
			buildSettings = {
				INFOPLIST_FILE = LearGitUITests/Info.plist;
				LD_RUNPATH_SEARCH_PATHS = "$(inherited) @executable_path/Frameworks @loader_path/Frameworks";
				PRODUCT_BUNDLE_IDENTIFIER = com.evergrande.LearGitUITests;
				PRODUCT_NAME = "$(TARGET_NAME)";
				TEST_TARGET_NAME = LearGit;
				USES_XCTRUNNER = YES;
			};
			name = Release;
		};
/* End XCBuildConfiguration section */

/* Begin XCConfigurationList section */
		6EF5041E1CBE1FF000137F45 /* Build configuration list for PBXProject "LearGit" */ = {
			isa = XCConfigurationList;
			buildConfigurations = (
				6EF5044E1CBE1FF000137F45 /* Debug */,
				6EF5044F1CBE1FF000137F45 /* Release */,
			);
			defaultConfigurationIsVisible = 0;
			defaultConfigurationName = Release;
		};
		6EF504501CBE1FF000137F45 /* Build configuration list for PBXNativeTarget "LearGit" */ = {
			isa = XCConfigurationList;
			buildConfigurations = (
				6EF504511CBE1FF000137F45 /* Debug */,
				6EF504521CBE1FF000137F45 /* Release */,
			);
			defaultConfigurationIsVisible = 0;
		};
		6EF504531CBE1FF000137F45 /* Build configuration list for PBXNativeTarget "LearGitTests" */ = {
			isa = XCConfigurationList;
			buildConfigurations = (
				6EF504541CBE1FF000137F45 /* Debug */,
				6EF504551CBE1FF000137F45 /* Release */,
			);
			defaultConfigurationIsVisible = 0;
		};
		6EF504561CBE1FF000137F45 /* Build configuration list for PBXNativeTarget "LearGitUITests" */ = {
			isa = XCConfigurationList;
			buildConfigurations = (
				6EF504571CBE1FF000137F45 /* Debug */,
				6EF504581CBE1FF000137F45 /* Release */,
			);
			defaultConfigurationIsVisible = 0;
		};
/* End XCConfigurationList section */
	};
	rootObject = 6EF5041B1CBE1FF000137F45 /* Project object */;
}
